
Microsoft Visual Studio Solution File, Format Version 12.00
# Visual Studio Version 17
VisualStudioVersion = 17.14.36203.30
MinimumVisualStudioVersion = 10.0.40219.1
Project("{2150E333-8FDC-42A3-9474-1A3956D46DE8}") = "CQRS-Manuel", "CQRS-Manuel", "{02EA681E-C7D8-13C7-8484-4AC65E1B71E8}"
EndProject
Project("{2150E333-8FDC-42A3-9474-1A3956D46DE8}") = "DAL", "DAL", "{A8A9DE49-418E-467B-88C1-33EE322F0847}"
EndProject
Project("{FAE04EC0-301F-11D3-BF4B-00C04F79EFBC}") = "DAL", "DAL\DAL.csproj", "{05B28C35-1136-43F6-81E7-191396A784BC}"
EndProject
Project("{2150E333-8FDC-42A3-9474-1A3956D46DE8}") = "ProjectForCQRS", "ProjectForCQRS", "{EC4DB2E9-3901-44C6-A4EB-DE02C43B2E50}"
EndProject
Project("{FAE04EC0-301F-11D3-BF4B-00C04F79EFBC}") = "CQRS.WebAPI", "CQRS.WebAPI\CQRS.WebAPI.csproj", "{EFA6B9D4-3C15-4D32-B4DC-073972C72CE1}"
EndProject
Project("{FAE04EC0-301F-11D3-BF4B-00C04F79EFBC}") = "CQRS.Infrastructure", "CQRS.Infrastructure\CQRS.Infrastructure.csproj", "{1CBC5302-1EC3-4DE5-9396-CC0BA2C7FAB5}"
EndProject
Project("{FAE04EC0-301F-11D3-BF4B-00C04F79EFBC}") = "CQRS.Domain", "CQRS.Domain\CQRS.Domain.csproj", "{38CCE045-E5DC-49EC-B24C-7E129EB15FE1}"
EndProject
Project("{2150E333-8FDC-42A3-9474-1A3956D46DE8}") = "CQRS-MediatR", "CQRS-MediatR", "{CE364B85-7C67-41A5-87A5-AE5332E3A7C4}"
EndProject
Project("{2150E333-8FDC-42A3-9474-1A3956D46DE8}") = "Services", "Services", "{F4E823F4-4E01-4191-A692-5751C2FE0810}"
EndProject
Project("{2150E333-8FDC-42A3-9474-1A3956D46DE8}") = "CatalogService", "CatalogService", "{38980B63-1C6C-460C-B0CB-80C4BF28A1CC}"
EndProject
Project("{FAE04EC0-301F-11D3-BF4B-00C04F79EFBC}") = "CatalogService.Api", "CatalogService.Api\CatalogService.Api.csproj", "{F03496D2-2E2E-48DA-A095-D3AD6C1019B3}"
EndProject
Project("{FAE04EC0-301F-11D3-BF4B-00C04F79EFBC}") = "CatalogService.Application", "CatalogService.Application\CatalogService.Application.csproj", "{BB73410B-29F3-4C87-ABB8-3F6C5CF8CE47}"
EndProject
Project("{FAE04EC0-301F-11D3-BF4B-00C04F79EFBC}") = "CatalogService.Domain", "CatalogService.Domain\CatalogService.Domain.csproj", "{606B55A7-0F2E-4311-B826-4FB3FBF82C22}"
EndProject
Project("{FAE04EC0-301F-11D3-BF4B-00C04F79EFBC}") = "CatalogService.Infrastructure", "CatalogService.Infrastructure\CatalogService.Infrastructure.csproj", "{B163B8BB-8D46-4B44-91E3-D2097D9933A0}"
EndProject
Global
	GlobalSection(SolutionConfigurationPlatforms) = preSolution
		Debug|Any CPU = Debug|Any CPU
		Release|Any CPU = Release|Any CPU
	EndGlobalSection
	GlobalSection(ProjectConfigurationPlatforms) = postSolution
		{05B28C35-1136-43F6-81E7-191396A784BC}.Debug|Any CPU.ActiveCfg = Debug|Any CPU
		{05B28C35-1136-43F6-81E7-191396A784BC}.Debug|Any CPU.Build.0 = Debug|Any CPU
		{05B28C35-1136-43F6-81E7-191396A784BC}.Release|Any CPU.ActiveCfg = Release|Any CPU
		{05B28C35-1136-43F6-81E7-191396A784BC}.Release|Any CPU.Build.0 = Release|Any CPU
		{EFA6B9D4-3C15-4D32-B4DC-073972C72CE1}.Debug|Any CPU.ActiveCfg = Debug|Any CPU
		{EFA6B9D4-3C15-4D32-B4DC-073972C72CE1}.Debug|Any CPU.Build.0 = Debug|Any CPU
		{EFA6B9D4-3C15-4D32-B4DC-073972C72CE1}.Release|Any CPU.ActiveCfg = Release|Any CPU
		{EFA6B9D4-3C15-4D32-B4DC-073972C72CE1}.Release|Any CPU.Build.0 = Release|Any CPU
		{1CBC5302-1EC3-4DE5-9396-CC0BA2C7FAB5}.Debug|Any CPU.ActiveCfg = Debug|Any CPU
		{1CBC5302-1EC3-4DE5-9396-CC0BA2C7FAB5}.Debug|Any CPU.Build.0 = Debug|Any CPU
		{1CBC5302-1EC3-4DE5-9396-CC0BA2C7FAB5}.Release|Any CPU.ActiveCfg = Release|Any CPU
		{1CBC5302-1EC3-4DE5-9396-CC0BA2C7FAB5}.Release|Any CPU.Build.0 = Release|Any CPU
		{38CCE045-E5DC-49EC-B24C-7E129EB15FE1}.Debug|Any CPU.ActiveCfg = Debug|Any CPU
		{38CCE045-E5DC-49EC-B24C-7E129EB15FE1}.Debug|Any CPU.Build.0 = Debug|Any CPU
		{38CCE045-E5DC-49EC-B24C-7E129EB15FE1}.Release|Any CPU.ActiveCfg = Release|Any CPU
		{38CCE045-E5DC-49EC-B24C-7E129EB15FE1}.Release|Any CPU.Build.0 = Release|Any CPU
		{F03496D2-2E2E-48DA-A095-D3AD6C1019B3}.Debug|Any CPU.ActiveCfg = Debug|Any CPU
		{F03496D2-2E2E-48DA-A095-D3AD6C1019B3}.Debug|Any CPU.Build.0 = Debug|Any CPU
		{F03496D2-2E2E-48DA-A095-D3AD6C1019B3}.Release|Any CPU.ActiveCfg = Release|Any CPU
		{F03496D2-2E2E-48DA-A095-D3AD6C1019B3}.Release|Any CPU.Build.0 = Release|Any CPU
		{BB73410B-29F3-4C87-ABB8-3F6C5CF8CE47}.Debug|Any CPU.ActiveCfg = Debug|Any CPU
		{BB73410B-29F3-4C87-ABB8-3F6C5CF8CE47}.Debug|Any CPU.Build.0 = Debug|Any CPU
		{BB73410B-29F3-4C87-ABB8-3F6C5CF8CE47}.Release|Any CPU.ActiveCfg = Release|Any CPU
		{BB73410B-29F3-4C87-ABB8-3F6C5CF8CE47}.Release|Any CPU.Build.0 = Release|Any CPU
		{606B55A7-0F2E-4311-B826-4FB3FBF82C22}.Debug|Any CPU.ActiveCfg = Debug|Any CPU
		{606B55A7-0F2E-4311-B826-4FB3FBF82C22}.Debug|Any CPU.Build.0 = Debug|Any CPU
		{606B55A7-0F2E-4311-B826-4FB3FBF82C22}.Release|Any CPU.ActiveCfg = Release|Any CPU
		{606B55A7-0F2E-4311-B826-4FB3FBF82C22}.Release|Any CPU.Build.0 = Release|Any CPU
		{B163B8BB-8D46-4B44-91E3-D2097D9933A0}.Debug|Any CPU.ActiveCfg = Debug|Any CPU
		{B163B8BB-8D46-4B44-91E3-D2097D9933A0}.Debug|Any CPU.Build.0 = Debug|Any CPU
		{B163B8BB-8D46-4B44-91E3-D2097D9933A0}.Release|Any CPU.ActiveCfg = Release|Any CPU
		{B163B8BB-8D46-4B44-91E3-D2097D9933A0}.Release|Any CPU.Build.0 = Release|Any CPU
	EndGlobalSection
	GlobalSection(SolutionProperties) = preSolution
		HideSolutionNode = FALSE
	EndGlobalSection
	GlobalSection(NestedProjects) = preSolution
		{A8A9DE49-418E-467B-88C1-33EE322F0847} = {EC4DB2E9-3901-44C6-A4EB-DE02C43B2E50}
		{05B28C35-1136-43F6-81E7-191396A784BC} = {A8A9DE49-418E-467B-88C1-33EE322F0847}
		{EC4DB2E9-3901-44C6-A4EB-DE02C43B2E50} = {02EA681E-C7D8-13C7-8484-4AC65E1B71E8}
		{EFA6B9D4-3C15-4D32-B4DC-073972C72CE1} = {EC4DB2E9-3901-44C6-A4EB-DE02C43B2E50}
		{1CBC5302-1EC3-4DE5-9396-CC0BA2C7FAB5} = {EC4DB2E9-3901-44C6-A4EB-DE02C43B2E50}
		{38CCE045-E5DC-49EC-B24C-7E129EB15FE1} = {EC4DB2E9-3901-44C6-A4EB-DE02C43B2E50}
		{F4E823F4-4E01-4191-A692-5751C2FE0810} = {CE364B85-7C67-41A5-87A5-AE5332E3A7C4}
		{38980B63-1C6C-460C-B0CB-80C4BF28A1CC} = {F4E823F4-4E01-4191-A692-5751C2FE0810}
		{F03496D2-2E2E-48DA-A095-D3AD6C1019B3} = {38980B63-1C6C-460C-B0CB-80C4BF28A1CC}
		{BB73410B-29F3-4C87-ABB8-3F6C5CF8CE47} = {38980B63-1C6C-460C-B0CB-80C4BF28A1CC}
		{606B55A7-0F2E-4311-B826-4FB3FBF82C22} = {38980B63-1C6C-460C-B0CB-80C4BF28A1CC}
		{B163B8BB-8D46-4B44-91E3-D2097D9933A0} = {38980B63-1C6C-460C-B0CB-80C4BF28A1CC}
	EndGlobalSection
	GlobalSection(ExtensibilityGlobals) = postSolution
		SolutionGuid = {64DAC00B-7565-4D42-8DF1-B0EA3584CB28}
	EndGlobalSection
EndGlobal
